// !$*UTF8*$!
{
	archiveVersion = 1;
	classes = {
	};
	objectVersion = 56;
	objects = {

/* Begin PBXBuildFile section */
		C93DD20C285291CF00CB0FE0 /* Section.swift in Sources */ = {isa = PBXBuildFile; fileRef = C93DD20B285291CF00CB0FE0 /* Section.swift */; };
		C93DD20E285291D400CB0FE0 /* Item.swift in Sources */ = {isa = PBXBuildFile; fileRef = C93DD20D285291D400CB0FE0 /* Item.swift */; };
		C93DD210285291FC00CB0FE0 /* DataSource.swift in Sources */ = {isa = PBXBuildFile; fileRef = C93DD20F285291FC00CB0FE0 /* DataSource.swift */; };
		C93DD215285297D200CB0FE0 /* RandomColorCell.swift in Sources */ = {isa = PBXBuildFile; fileRef = C93DD214285297D200CB0FE0 /* RandomColorCell.swift */; };
		C944A5C52876E6B200573E4D /* SnapKit in Frameworks */ = {isa = PBXBuildFile; productRef = C944A5C42876E6B200573E4D /* SnapKit */; };
		C98DC1712851CBE300AE2275 /* AppDelegate.swift in Sources */ = {isa = PBXBuildFile; fileRef = C98DC1702851CBE300AE2275 /* AppDelegate.swift */; };
		C98DC1732851CBE300AE2275 /* SceneDelegate.swift in Sources */ = {isa = PBXBuildFile; fileRef = C98DC1722851CBE300AE2275 /* SceneDelegate.swift */; };
		C98DC1752851CBE300AE2275 /* ViewController.swift in Sources */ = {isa = PBXBuildFile; fileRef = C98DC1742851CBE300AE2275 /* ViewController.swift */; };
		C98DC1782851CBE300AE2275 /* Main.storyboard in Resources */ = {isa = PBXBuildFile; fileRef = C98DC1762851CBE300AE2275 /* Main.storyboard */; };
		C98DC17A2851CBE400AE2275 /* Assets.xcassets in Resources */ = {isa = PBXBuildFile; fileRef = C98DC1792851CBE400AE2275 /* Assets.xcassets */; };
		C98DC17D2851CBE400AE2275 /* LaunchScreen.storyboard in Resources */ = {isa = PBXBuildFile; fileRef = C98DC17B2851CBE400AE2275 /* LaunchScreen.storyboard */; };
		C98DC1852851CC4400AE2275 /* Layout.swift in Sources */ = {isa = PBXBuildFile; fileRef = C98DC1842851CC4400AE2275 /* Layout.swift */; };
		C9FAE6E6287C0C630042D76C /* SectionTitleView.swift in Sources */ = {isa = PBXBuildFile; fileRef = C9FAE6E5287C0C630042D76C /* SectionTitleView.swift */; };
		C9FAE6E8287C14E20042D76C /* InteractiveBackgroundView.swift in Sources */ = {isa = PBXBuildFile; fileRef = C9FAE6E7287C14E20042D76C /* InteractiveBackgroundView.swift */; };
/* End PBXBuildFile section */

/* Begin PBXFileReference section */
		C93DD20B285291CF00CB0FE0 /* Section.swift */ = {isa = PBXFileReference; lastKnownFileType = sourcecode.swift; path = Section.swift; sourceTree = "<group>"; };
		C93DD20D285291D400CB0FE0 /* Item.swift */ = {isa = PBXFileReference; lastKnownFileType = sourcecode.swift; path = Item.swift; sourceTree = "<group>"; };
		C93DD20F285291FC00CB0FE0 /* DataSource.swift */ = {isa = PBXFileReference; lastKnownFileType = sourcecode.swift; path = DataSource.swift; sourceTree = "<group>"; };
		C93DD214285297D200CB0FE0 /* RandomColorCell.swift */ = {isa = PBXFileReference; lastKnownFileType = sourcecode.swift; path = RandomColorCell.swift; sourceTree = "<group>"; };
		C98DC16D2851CBE300AE2275 /* CollectionView-CompositionalLayout.app */ = {isa = PBXFileReference; explicitFileType = wrapper.application; includeInIndex = 0; path = "CollectionView-CompositionalLayout.app"; sourceTree = BUILT_PRODUCTS_DIR; };
		C98DC1702851CBE300AE2275 /* AppDelegate.swift */ = {isa = PBXFileReference; lastKnownFileType = sourcecode.swift; path = AppDelegate.swift; sourceTree = "<group>"; };
		C98DC1722851CBE300AE2275 /* SceneDelegate.swift */ = {isa = PBXFileReference; lastKnownFileType = sourcecode.swift; path = SceneDelegate.swift; sourceTree = "<group>"; };
		C98DC1742851CBE300AE2275 /* ViewController.swift */ = {isa = PBXFileReference; lastKnownFileType = sourcecode.swift; path = ViewController.swift; sourceTree = "<group>"; };
		C98DC1772851CBE300AE2275 /* Base */ = {isa = PBXFileReference; lastKnownFileType = file.storyboard; name = Base; path = Base.lproj/Main.storyboard; sourceTree = "<group>"; };
		C98DC1792851CBE400AE2275 /* Assets.xcassets */ = {isa = PBXFileReference; lastKnownFileType = folder.assetcatalog; path = Assets.xcassets; sourceTree = "<group>"; };
		C98DC17C2851CBE400AE2275 /* Base */ = {isa = PBXFileReference; lastKnownFileType = file.storyboard; name = Base; path = Base.lproj/LaunchScreen.storyboard; sourceTree = "<group>"; };
		C98DC17E2851CBE400AE2275 /* Info.plist */ = {isa = PBXFileReference; lastKnownFileType = text.plist.xml; path = Info.plist; sourceTree = "<group>"; };
		C98DC1842851CC4400AE2275 /* Layout.swift */ = {isa = PBXFileReference; lastKnownFileType = sourcecode.swift; path = Layout.swift; sourceTree = "<group>"; };
		C9FAE6E5287C0C630042D76C /* SectionTitleView.swift */ = {isa = PBXFileReference; lastKnownFileType = sourcecode.swift; path = SectionTitleView.swift; sourceTree = "<group>"; };
		C9FAE6E7287C14E20042D76C /* InteractiveBackgroundView.swift */ = {isa = PBXFileReference; lastKnownFileType = sourcecode.swift; path = InteractiveBackgroundView.swift; sourceTree = "<group>"; };
/* End PBXFileReference section */

/* Begin PBXFrameworksBuildPhase section */
		C98DC16A2851CBE300AE2275 /* Frameworks */ = {
			isa = PBXFrameworksBuildPhase;
			buildActionMask = 2147483647;
			files = (
				C944A5C52876E6B200573E4D /* SnapKit in Frameworks */,
			);
			runOnlyForDeploymentPostprocessing = 0;
		};
/* End PBXFrameworksBuildPhase section */

/* Begin PBXGroup section */
		C93DD20A285291C400CB0FE0 /* CV */ = {
			isa = PBXGroup;
			children = (
				C93DD213285297C600CB0FE0 /* Cells */,
				C9E18713288533F9000E5680 /* DataSource */,
				C93DD20B285291CF00CB0FE0 /* Section.swift */,
				C9FAE6E4287C0C520042D76C /* Supplementary Views */,
				C98DC1742851CBE300AE2275 /* ViewController.swift */,
			);
			path = CV;
			sourceTree = "<group>";
		};
		C93DD213285297C600CB0FE0 /* Cells */ = {
			isa = PBXGroup;
			children = (
				C93DD214285297D200CB0FE0 /* RandomColorCell.swift */,
			);
			path = Cells;
			sourceTree = "<group>";
		};
		C98DC1642851CBE300AE2275 = {
			isa = PBXGroup;
			children = (
				C98DC16F2851CBE300AE2275 /* CollectionView-CompositionalLayout */,
				C98DC16E2851CBE300AE2275 /* Products */,
			);
			sourceTree = "<group>";
		};
		C98DC16E2851CBE300AE2275 /* Products */ = {
			isa = PBXGroup;
			children = (
				C98DC16D2851CBE300AE2275 /* CollectionView-CompositionalLayout.app */,
			);
			name = Products;
			sourceTree = "<group>";
		};
		C98DC16F2851CBE300AE2275 /* CollectionView-CompositionalLayout */ = {
			isa = PBXGroup;
			children = (
				C93DD20A285291C400CB0FE0 /* CV */,
				C98DC1702851CBE300AE2275 /* AppDelegate.swift */,
				C98DC1722851CBE300AE2275 /* SceneDelegate.swift */,
				C98DC1762851CBE300AE2275 /* Main.storyboard */,
				C98DC1792851CBE400AE2275 /* Assets.xcassets */,
				C98DC17B2851CBE400AE2275 /* LaunchScreen.storyboard */,
				C98DC17E2851CBE400AE2275 /* Info.plist */,
			);
			path = "CollectionView-CompositionalLayout";
			sourceTree = "<group>";
		};
		C9E18713288533F9000E5680 /* DataSource */ = {
			isa = PBXGroup;
			children = (
				C93DD20F285291FC00CB0FE0 /* DataSource.swift */,
				C93DD20D285291D400CB0FE0 /* Item.swift */,
				C98DC1842851CC4400AE2275 /* Layout.swift */,
			);
			path = DataSource;
			sourceTree = "<group>";
		};
		C9FAE6E4287C0C520042D76C /* Supplementary Views */ = {
			isa = PBXGroup;
			children = (
				C9FAE6E5287C0C630042D76C /* SectionTitleView.swift */,
				C9FAE6E7287C14E20042D76C /* InteractiveBackgroundView.swift */,
			);
			path = "Supplementary Views";
			sourceTree = "<group>";
		};
/* End PBXGroup section */

/* Begin PBXNativeTarget section */
		C98DC16C2851CBE300AE2275 /* CollectionView-CompositionalLayout */ = {
			isa = PBXNativeTarget;
			buildConfigurationList = C98DC1812851CBE400AE2275 /* Build configuration list for PBXNativeTarget "CollectionView-CompositionalLayout" */;
			buildPhases = (
				C98DC1692851CBE300AE2275 /* Sources */,
				C98DC16A2851CBE300AE2275 /* Frameworks */,
				C98DC16B2851CBE300AE2275 /* Resources */,
			);
			buildRules = (
			);
			dependencies = (
			);
			name = "CollectionView-CompositionalLayout";
			packageProductDependencies = (
				C944A5C42876E6B200573E4D /* SnapKit */,
			);
			productName = "CollectionView-CompositionalLayout";
			productReference = C98DC16D2851CBE300AE2275 /* CollectionView-CompositionalLayout.app */;
			productType = "com.apple.product-type.application";
		};
/* End PBXNativeTarget section */

/* Begin PBXProject section */
		C98DC1652851CBE300AE2275 /* Project object */ = {
			isa = PBXProject;
			attributes = {
				BuildIndependentTargetsInParallel = 1;
				LastSwiftUpdateCheck = 1400;
				LastUpgradeCheck = 1400;
				TargetAttributes = {
					C98DC16C2851CBE300AE2275 = {
						CreatedOnToolsVersion = 14.0;
					};
				};
			};
			buildConfigurationList = C98DC1682851CBE300AE2275 /* Build configuration list for PBXProject "CollectionView-CompositionalLayout" */;
			compatibilityVersion = "Xcode 14.0";
			developmentRegion = en;
			hasScannedForEncodings = 0;
			knownRegions = (
				en,
				Base,
			);
			mainGroup = C98DC1642851CBE300AE2275;
			packageReferences = (
				C944A5C32876E6B200573E4D /* XCRemoteSwiftPackageReference "SnapKit" */,
			);
			productRefGroup = C98DC16E2851CBE300AE2275 /* Products */;
			projectDirPath = "";
			projectRoot = "";
			targets = (
				C98DC16C2851CBE300AE2275 /* CollectionView-CompositionalLayout */,
			);
		};
/* End PBXProject section */

/* Begin PBXResourcesBuildPhase section */
		C98DC16B2851CBE300AE2275 /* Resources */ = {
			isa = PBXResourcesBuildPhase;
			buildActionMask = 2147483647;
			files = (
				C98DC17D2851CBE400AE2275 /* LaunchScreen.storyboard in Resources */,
				C98DC17A2851CBE400AE2275 /* Assets.xcassets in Resources */,
				C98DC1782851CBE300AE2275 /* Main.storyboard in Resources */,
			);
			runOnlyForDeploymentPostprocessing = 0;
		};
/* End PBXResourcesBuildPhase section */

/* Begin PBXSourcesBuildPhase section */
		C98DC1692851CBE300AE2275 /* Sources */ = {
			isa = PBXSourcesBuildPhase;
			buildActionMask = 2147483647;
			files = (
				C93DD215285297D200CB0FE0 /* RandomColorCell.swift in Sources */,
				C9FAE6E8287C14E20042D76C /* InteractiveBackgroundView.swift in Sources */,
				C93DD210285291FC00CB0FE0 /* DataSource.swift in Sources */,
				C93DD20C285291CF00CB0FE0 /* Section.swift in Sources */,
				C98DC1752851CBE300AE2275 /* ViewController.swift in Sources */,
				C98DC1852851CC4400AE2275 /* Layout.swift in Sources */,
				C9FAE6E6287C0C630042D76C /* SectionTitleView.swift in Sources */,
				C98DC1712851CBE300AE2275 /* AppDelegate.swift in Sources */,
				C93DD20E285291D400CB0FE0 /* Item.swift in Sources */,
				C98DC1732851CBE300AE2275 /* SceneDelegate.swift in Sources */,
			);
			runOnlyForDeploymentPostprocessing = 0;
		};
/* End PBXSourcesBuildPhase section */

/* Begin PBXVariantGroup section */
		C98DC1762851CBE300AE2275 /* Main.storyboard */ = {
			isa = PBXVariantGroup;
			children = (
				C98DC1772851CBE300AE2275 /* Base */,
			);
			name = Main.storyboard;
			sourceTree = "<group>";
		};
		C98DC17B2851CBE400AE2275 /* LaunchScreen.storyboard */ = {
			isa = PBXVariantGroup;
			children = (
				C98DC17C2851CBE400AE2275 /* Base */,
			);
			name = LaunchScreen.storyboard;
			sourceTree = "<group>";
		};
/* End PBXVariantGroup section */

/* Begin XCBuildConfiguration section */
		C98DC17F2851CBE400AE2275 /* Debug */ = {
			isa = XCBuildConfiguration;
			buildSettings = {
				ALWAYS_SEARCH_USER_PATHS = NO;
				CLANG_ANALYZER_NONNULL = YES;
				CLANG_ANALYZER_NUMBER_OBJECT_CONVERSION = YES_AGGRESSIVE;
				CLANG_CXX_LANGUAGE_STANDARD = "gnu++17";
				CLANG_ENABLE_MODULES = YES;
				CLANG_ENABLE_OBJC_ARC = YES;
				CLANG_ENABLE_OBJC_WEAK = YES;
				CLANG_WARN_BLOCK_CAPTURE_AUTORELEASING = YES;
				CLANG_WARN_BOOL_CONVERSION = YES;
				CLANG_WARN_COMMA = YES;
				CLANG_WARN_CONSTANT_CONVERSION = YES;
				CLANG_WARN_DEPRECATED_OBJC_IMPLEMENTATIONS = YES;
				CLANG_WARN_DIRECT_OBJC_ISA_USAGE = YES_ERROR;
				CLANG_WARN_DOCUMENTATION_COMMENTS = YES;
				CLANG_WARN_EMPTY_BODY = YES;
				CLANG_WARN_ENUM_CONVERSION = YES;
				CLANG_WARN_INFINITE_RECURSION = YES;
				CLANG_WARN_INT_CONVERSION = YES;
				CLANG_WARN_NON_LITERAL_NULL_CONVERSION = YES;
				CLANG_WARN_OBJC_IMPLICIT_RETAIN_SELF = YES;
				CLANG_WARN_OBJC_LITERAL_CONVERSION = YES;
				CLANG_WARN_OBJC_ROOT_CLASS = YES_ERROR;
				CLANG_WARN_QUOTED_INCLUDE_IN_FRAMEWORK_HEADER = YES;
				CLANG_WARN_RANGE_LOOP_ANALYSIS = YES;
				CLANG_WARN_STRICT_PROTOTYPES = YES;
				CLANG_WARN_SUSPICIOUS_MOVE = YES;
				CLANG_WARN_UNGUARDED_AVAILABILITY = YES_AGGRESSIVE;
				CLANG_WARN_UNREACHABLE_CODE = YES;
				CLANG_WARN__DUPLICATE_METHOD_MATCH = YES;
				COPY_PHASE_STRIP = NO;
				DEBUG_INFORMATION_FORMAT = dwarf;
				ENABLE_STRICT_OBJC_MSGSEND = YES;
				ENABLE_TESTABILITY = YES;
				GCC_C_LANGUAGE_STANDARD = gnu11;
				GCC_DYNAMIC_NO_PIC = NO;
				GCC_NO_COMMON_BLOCKS = YES;
				GCC_OPTIMIZATION_LEVEL = 0;
				GCC_PREPROCESSOR_DEFINITIONS = (
					"DEBUG=1",
					"$(inherited)",
				);
				GCC_WARN_64_TO_32_BIT_CONVERSION = YES;
				GCC_WARN_ABOUT_RETURN_TYPE = YES_ERROR;
				GCC_WARN_UNDECLARED_SELECTOR = YES;
				GCC_WARN_UNINITIALIZED_AUTOS = YES_AGGRESSIVE;
				GCC_WARN_UNUSED_FUNCTION = YES;
				GCC_WARN_UNUSED_VARIABLE = YES;
				IPHONEOS_DEPLOYMENT_TARGET = 16.0;
				MTL_ENABLE_DEBUG_INFO = INCLUDE_SOURCE;
				MTL_FAST_MATH = YES;
				ONLY_ACTIVE_ARCH = YES;
				SDKROOT = iphoneos;
				SWIFT_ACTIVE_COMPILATION_CONDITIONS = DEBUG;
				SWIFT_OPTIMIZATION_LEVEL = "-Onone";
			};
			name = Debug;
		};
		C98DC1802851CBE400AE2275 /* Release */ = {
			isa = XCBuildConfiguration;
			buildSettings = {
				ALWAYS_SEARCH_USER_PATHS = NO;
				CLANG_ANALYZER_NONNULL = YES;
				CLANG_ANALYZER_NUMBER_OBJECT_CONVERSION = YES_AGGRESSIVE;
				CLANG_CXX_LANGUAGE_STANDARD = "gnu++17";
				CLANG_ENABLE_MODULES = YES;
				CLANG_ENABLE_OBJC_ARC = YES;
				CLANG_ENABLE_OBJC_WEAK = YES;
				CLANG_WARN_BLOCK_CAPTURE_AUTORELEASING = YES;
				CLANG_WARN_BOOL_CONVERSION = YES;
				CLANG_WARN_COMMA = YES;
				CLANG_WARN_CONSTANT_CONVERSION = YES;
				CLANG_WARN_DEPRECATED_OBJC_IMPLEMENTATIONS = YES;
				CLANG_WARN_DIRECT_OBJC_ISA_USAGE = YES_ERROR;
				CLANG_WARN_DOCUMENTATION_COMMENTS = YES;
				CLANG_WARN_EMPTY_BODY = YES;
				CLANG_WARN_ENUM_CONVERSION = YES;
				CLANG_WARN_INFINITE_RECURSION = YES;
				CLANG_WARN_INT_CONVERSION = YES;
				CLANG_WARN_NON_LITERAL_NULL_CONVERSION = YES;
				CLANG_WARN_OBJC_IMPLICIT_RETAIN_SELF = YES;
				CLANG_WARN_OBJC_LITERAL_CONVERSION = YES;
				CLANG_WARN_OBJC_ROOT_CLASS = YES_ERROR;
				CLANG_WARN_QUOTED_INCLUDE_IN_FRAMEWORK_HEADER = YES;
				CLANG_WARN_RANGE_LOOP_ANALYSIS = YES;
				CLANG_WARN_STRICT_PROTOTYPES = YES;
				CLANG_WARN_SUSPICIOUS_MOVE = YES;
				CLANG_WARN_UNGUARDED_AVAILABILITY = YES_AGGRESSIVE;
				CLANG_WARN_UNREACHABLE_CODE = YES;
				CLANG_WARN__DUPLICATE_METHOD_MATCH = YES;
				COPY_PHASE_STRIP = NO;
				DEBUG_INFORMATION_FORMAT = "dwarf-with-dsym";
				ENABLE_NS_ASSERTIONS = NO;
				ENABLE_STRICT_OBJC_MSGSEND = YES;
				GCC_C_LANGUAGE_STANDARD = gnu11;
				GCC_NO_COMMON_BLOCKS = YES;
				GCC_WARN_64_TO_32_BIT_CONVERSION = YES;
				GCC_WARN_ABOUT_RETURN_TYPE = YES_ERROR;
				GCC_WARN_UNDECLARED_SELECTOR = YES;
				GCC_WARN_UNINITIALIZED_AUTOS = YES_AGGRESSIVE;
				GCC_WARN_UNUSED_FUNCTION = YES;
				GCC_WARN_UNUSED_VARIABLE = YES;
				IPHONEOS_DEPLOYMENT_TARGET = 16.0;
				MTL_ENABLE_DEBUG_INFO = NO;
				MTL_FAST_MATH = YES;
				SDKROOT = iphoneos;
				SWIFT_COMPILATION_MODE = wholemodule;
				SWIFT_OPTIMIZATION_LEVEL = "-O";
				VALIDATE_PRODUCT = YES;
			};
			name = Release;
		};
		C98DC1822851CBE400AE2275 /* Debug */ = {
			isa = XCBuildConfiguration;
			buildSettings = {
				ASSETCATALOG_COMPILER_APPICON_NAME = AppIcon;
				ASSETCATALOG_COMPILER_GLOBAL_ACCENT_COLOR_NAME = AccentColor;
				CODE_SIGN_STYLE = Automatic;
				CURRENT_PROJECT_VERSION = 1;
				DEVELOPMENT_TEAM = H4K6BXTR7Y;
				GENERATE_INFOPLIST_FILE = YES;
				INFOPLIST_FILE = "CollectionView-CompositionalLayout/Info.plist";
				INFOPLIST_KEY_UIApplicationSupportsIndirectInputEvents = YES;
				INFOPLIST_KEY_UILaunchStoryboardName = LaunchScreen;
				INFOPLIST_KEY_UIMainStoryboardFile = Main;
				INFOPLIST_KEY_UISupportedInterfaceOrientations_iPad = "UIInterfaceOrientationPortrait UIInterfaceOrientationPortraitUpsideDown UIInterfaceOrientationLandscapeLeft UIInterfaceOrientationLandscapeRight";
				INFOPLIST_KEY_UISupportedInterfaceOrientations_iPhone = "UIInterfaceOrientationPortrait UIInterfaceOrientationLandscapeLeft UIInterfaceOrientationLandscapeRight";
				LD_RUNPATH_SEARCH_PATHS = (
					"$(inherited)",
					"@executable_path/Frameworks",
				);
				MARKETING_VERSION = 1.0;
				PRODUCT_BUNDLE_IDENTIFIER = "de.schlabertz.CollectionView-CompositionalLayout";
				PRODUCT_NAME = "$(TARGET_NAME)";
				SWIFT_EMIT_LOC_STRINGS = YES;
				SWIFT_VERSION = 5.0;
				TARGETED_DEVICE_FAMILY = "1,2";
			};
			name = Debug;
		};
		C98DC1832851CBE400AE2275 /* Release */ = {
			isa = XCBuildConfiguration;
			buildSettings = {
				ASSETCATALOG_COMPILER_APPICON_NAME = AppIcon;
				ASSETCATALOG_COMPILER_GLOBAL_ACCENT_COLOR_NAME = AccentColor;
				CODE_SIGN_STYLE = Automatic;
				CURRENT_PROJECT_VERSION = 1;
				DEVELOPMENT_TEAM = H4K6BXTR7Y;
				GENERATE_INFOPLIST_FILE = YES;
				INFOPLIST_FILE = "CollectionView-CompositionalLayout/Info.plist";
				INFOPLIST_KEY_UIApplicationSupportsIndirectInputEvents = YES;
				INFOPLIST_KEY_UILaunchStoryboardName = LaunchScreen;
				INFOPLIST_KEY_UIMainStoryboardFile = Main;
				INFOPLIST_KEY_UISupportedInterfaceOrientations_iPad = "UIInterfaceOrientationPortrait UIInterfaceOrientationPortraitUpsideDown UIInterfaceOrientationLandscapeLeft UIInterfaceOrientationLandscapeRight";
				INFOPLIST_KEY_UISupportedInterfaceOrientations_iPhone = "UIInterfaceOrientationPortrait UIInterfaceOrientationLandscapeLeft UIInterfaceOrientationLandscapeRight";
				LD_RUNPATH_SEARCH_PATHS = (
					"$(inherited)",
					"@executable_path/Frameworks",
				);
				MARKETING_VERSION = 1.0;
				PRODUCT_BUNDLE_IDENTIFIER = "de.schlabertz.CollectionView-CompositionalLayout";
				PRODUCT_NAME = "$(TARGET_NAME)";
				SWIFT_EMIT_LOC_STRINGS = YES;
				SWIFT_VERSION = 5.0;
				TARGETED_DEVICE_FAMILY = "1,2";
			};
			name = Release;
		};
/* End XCBuildConfiguration section */

/* Begin XCConfigurationList section */
		C98DC1682851CBE300AE2275 /* Build configuration list for PBXProject "CollectionView-CompositionalLayout" */ = {
			isa = XCConfigurationList;
			buildConfigurations = (
				C98DC17F2851CBE400AE2275 /* Debug */,
				C98DC1802851CBE400AE2275 /* Release */,
			);
			defaultConfigurationIsVisible = 0;
			defaultConfigurationName = Release;
		};
		C98DC1812851CBE400AE2275 /* Build configuration list for PBXNativeTarget "CollectionView-CompositionalLayout" */ = {
			isa = XCConfigurationList;
			buildConfigurations = (
				C98DC1822851CBE400AE2275 /* Debug */,
				C98DC1832851CBE400AE2275 /* Release */,
			);
			defaultConfigurationIsVisible = 0;
			defaultConfigurationName = Release;
		};
/* End XCConfigurationList section */

/* Begin XCRemoteSwiftPackageReference section */
		C944A5C32876E6B200573E4D /* XCRemoteSwiftPackageReference "SnapKit" */ = {
			isa = XCRemoteSwiftPackageReference;
			repositoryURL = "https://github.com/SnapKit/SnapKit";
			requirement = {
				kind = upToNextMajorVersion;
				minimumVersion = 5.0.0;
			};
		};
/* End XCRemoteSwiftPackageReference section */

/* Begin XCSwiftPackageProductDependency section */
		C944A5C42876E6B200573E4D /* SnapKit */ = {
			isa = XCSwiftPackageProductDependency;
			package = C944A5C32876E6B200573E4D /* XCRemoteSwiftPackageReference "SnapKit" */;
			productName = SnapKit;
		};
/* End XCSwiftPackageProductDependency section */
	};
	rootObject = C98DC1652851CBE300AE2275 /* Project object */;
}
